
Microsoft Visual Studio Solution File, Format Version 12.00
# Visual Studio Version 17
VisualStudioVersion = 17.4.33403.182
MinimumVisualStudioVersion = 10.0.40219.1
Project("{FAE04EC0-301F-11D3-BF4B-00C04F79EFBC}") = "FootballGame", "FootballGame\FootballGame.csproj", "{D8EEE5C2-6B49-408F-BED5-0DF2762F7572}"
EndProject
Global
	GlobalSection(SolutionConfigurationPlatforms) = preSolution
		Debug|Any CPU = Debug|Any CPU
		Release|Any CPU = Release|Any CPU
	EndGlobalSection
	GlobalSection(ProjectConfigurationPlatforms) = postSolution
		{D8EEE5C2-6B49-408F-BED5-0DF2762F7572}.Debug|Any CPU.ActiveCfg = Debug|Any CPU
		{D8EEE5C2-6B49-408F-BED5-0DF2762F7572}.Debug|Any CPU.Build.0 = Debug|Any CPU
		{D8EEE5C2-6B49-408F-BED5-0DF2762F7572}.Release|Any CPU.ActiveCfg = Release|Any CPU
		{D8EEE5C2-6B49-408F-BED5-0DF2762F7572}.Release|Any CPU.Build.0 = Release|Any CPU
	EndGlobalSection
	GlobalSection(SolutionProperties) = preSolution
		HideSolutionNode = FALSE
	EndGlobalSection
	GlobalSection(ExtensibilityGlobals) = postSolution
		SolutionGuid = {AFEA984E-C789-49FF-856F-E842D3EEAE59}
	EndGlobalSection
EndGlobal
